{
  "name": "myclinic-service-api",
  "version": "1.0.11",
  "dependencies": {
    "conti": {
      "version": "1.3.5",
      "from": "conti@1.3.5"
    },
    "setimmediate": {
      "version": "1.0.5",
      "from": "setimmediate@*",
      "resolved": "https://registry.npmjs.org/setimmediate/-/setimmediate-1.0.5.tgz"
    }
  }
}
